{
  "version": 4,
  "terraform_version": "1.13.5",
  "serial": 16,
  "lineage": "50344eed-8ecf-d38d-15a2-73f5654cb2cd",
  "outputs": {},
  "resources": [
    {
      "mode": "data",
      "type": "azuread_domains",
      "name": "this",
      "provider": "provider[\"registry.terraform.io/hashicorp/azuread\"]",
      "instances": [
        {
          "schema_version": 0,
          "attributes": {
            "admin_managed": false,
            "domains": [
              {
                "admin_managed": true,
                "authentication_type": "Managed",
                "default": true,
                "domain_name": "NETORG17740188.onmicrosoft.com",
                "initial": true,
                "root": true,
                "supported_services": [
                  "Email",
                  "OfficeCommunicationsOnline"
                ],
                "verified": true
              }
            ],
            "id": "domains#b5225c0a-f2b0-4065-8d7a-4c6d4176f967#wCzvg8JOy35azGIU2LgPWXvHVKk=",
            "include_unverified": false,
            "only_default": false,
            "only_initial": true,
            "only_root": false,
            "supports_services": [],
            "timeouts": null
          },
          "sensitive_attributes": [],
          "identity_schema_version": 0
        }
      ]
    },
    {
      "mode": "managed",
      "type": "azuread_user",
      "name": "this",
      "provider": "provider[\"registry.terraform.io/hashicorp/azuread\"]",
      "instances": [
        {
          "schema_version": 1,
          "attributes": {
            "about_me": "",
            "account_enabled": true,
            "age_group": "",
            "business_phones": [],
            "city": "",
            "company_name": "",
            "consent_provided_for_minor": "",
            "cost_center": "",
            "country": "",
            "creation_type": "",
            "department": "",
            "disable_password_expiration": false,
            "disable_strong_password": false,
            "display_name": "Chris Green",
            "division": "",
            "employee_hire_date": "",
            "employee_id": "",
            "employee_type": "",
            "external_user_state": "",
            "fax_number": "",
            "force_password_change": false,
            "given_name": "Chris",
            "id": "/users/4c236208-9a4e-4b4b-b5b2-d43d6e0a604e",
            "im_addresses": [],
            "job_title": "",
            "mail": "",
            "mail_nickname": "ChrisG",
            "manager_id": "",
            "mobile_phone": "",
            "object_id": "4c236208-9a4e-4b4b-b5b2-d43d6e0a604e",
            "office_location": "",
            "onpremises_distinguished_name": "",
            "onpremises_domain_name": "",
            "onpremises_immutable_id": "",
            "onpremises_sam_account_name": "",
            "onpremises_security_identifier": "",
            "onpremises_sync_enabled": false,
            "onpremises_user_principal_name": "",
            "other_mails": null,
            "password": "SecretP@sswd99!",
            "postal_code": "",
            "preferred_language": "",
            "proxy_addresses": [],
            "show_in_address_list": true,
            "state": "",
            "street_address": "",
            "surname": "Green",
            "timeouts": null,
            "usage_location": "",
            "user_principal_name": "ChrisG@NETORG17740188.onmicrosoft.com",
            "user_type": ""
          },
          "sensitive_attributes": [
            [
              {
                "type": "get_attr",
                "value": "password"
              }
            ]
          ],
          "identity_schema_version": 0,
          "private": "eyJlMmJmYjczMC1lY2FhLTExZTYtOGY4OC0zNDM2M2JjN2M0YzAiOnsiY3JlYXRlIjozMDAwMDAwMDAwMDAsImRlbGV0ZSI6MzAwMDAwMDAwMDAwLCJyZWFkIjozMDAwMDAwMDAwMDAsInVwZGF0ZSI6MzAwMDAwMDAwMDAwfSwic2NoZW1hX3ZlcnNpb24iOiIxIn0=",
          "dependencies": [
            "data.azuread_domains.this"
          ]
        }
      ]
    }
  ],
  "check_results": null
}
